// !$*UTF8*$!
{
	archiveVersion = 1;
	classes = {
	};
	objectVersion = 77;
	objects = {

/* Begin PBXBuildFile section */
		FCCF478C2E06819A00C95405 /* UnitTestPlan.xctestplan in Resources */ = {isa = PBXBuildFile; fileRef = FCCF478B2E06819A00C95405 /* UnitTestPlan.xctestplan */; };
/* End PBXBuildFile section */

/* Begin PBXContainerItemProxy section */
		FC892E582E45DEB0001D7CA3 /* PBXContainerItemProxy */ = {
			isa = PBXContainerItemProxy;
			containerPortal = FCDB6BFB2E03DEE200760124 /* Project object */;
			proxyType = 1;
			remoteGlobalIDString = FCDB6C022E03DEE300760124;
			remoteInfo = SimpleArchive;
		};
		FCCF47952E0681C300C95405 /* PBXContainerItemProxy */ = {
			isa = PBXContainerItemProxy;
			containerPortal = FCDB6BFB2E03DEE200760124 /* Project object */;
			proxyType = 1;
			remoteGlobalIDString = FCDB6C022E03DEE300760124;
			remoteInfo = SimpleArchive;
		};
/* End PBXContainerItemProxy section */

/* Begin PBXFileReference section */
		FC20A46C2E487A7100DEE316 /* getSimulatorMatchingCondition.rb */ = {isa = PBXFileReference; lastKnownFileType = text.script.ruby; path = getSimulatorMatchingCondition.rb; sourceTree = "<group>"; };
		FC20A46D2E487AA800DEE316 /* runSimpleArchiveTest.sh */ = {isa = PBXFileReference; lastKnownFileType = text.script.sh; path = runSimpleArchiveTest.sh; sourceTree = "<group>"; };
		FC892E522E45DEB0001D7CA3 /* SimpleArchiveUITests.xctest */ = {isa = PBXFileReference; explicitFileType = wrapper.cfbundle; includeInIndex = 0; path = SimpleArchiveUITests.xctest; sourceTree = BUILT_PRODUCTS_DIR; };
		FCCF478B2E06819A00C95405 /* UnitTestPlan.xctestplan */ = {isa = PBXFileReference; lastKnownFileType = text; path = UnitTestPlan.xctestplan; sourceTree = "<group>"; };
		FCCF47912E0681C300C95405 /* SimpleArchiveTests.xctest */ = {isa = PBXFileReference; explicitFileType = wrapper.cfbundle; includeInIndex = 0; path = SimpleArchiveTests.xctest; sourceTree = BUILT_PRODUCTS_DIR; };
		FCDB6DE42E051EC400760124 /* SimpleArchive.app */ = {isa = PBXFileReference; explicitFileType = wrapper.application; includeInIndex = 0; path = SimpleArchive.app; sourceTree = BUILT_PRODUCTS_DIR; };
/* End PBXFileReference section */

/* Begin PBXFileSystemSynchronizedBuildFileExceptionSet section */
		FC72EB8A2E388C1100A08C3A /* Exceptions for "SimpleArchive" folder in "SimpleArchiveTests" target */ = {
			isa = PBXFileSystemSynchronizedBuildFileExceptionSet;
			membershipExceptions = (
				Persistences/SimpleArchive.xcdatamodeld,
			);
			target = FCCF47902E0681C300C95405 /* SimpleArchiveTests */;
		};
		FCDB6C152E03DEE400760124 /* Exceptions for "SimpleArchive" folder in "SimpleArchive" target */ = {
			isa = PBXFileSystemSynchronizedBuildFileExceptionSet;
			membershipExceptions = (
				Info.plist,
			);
			target = FCDB6C022E03DEE300760124 /* SimpleArchive */;
		};
/* End PBXFileSystemSynchronizedBuildFileExceptionSet section */

/* Begin PBXFileSystemSynchronizedRootGroup section */
		FC892E532E45DEB0001D7CA3 /* SimpleArchiveUITests */ = {
			isa = PBXFileSystemSynchronizedRootGroup;
			path = SimpleArchiveUITests;
			sourceTree = "<group>";
		};
		FCCF47922E0681C300C95405 /* SimpleArchiveTests */ = {
			isa = PBXFileSystemSynchronizedRootGroup;
			path = SimpleArchiveTests;
			sourceTree = "<group>";
		};
		FCDB6C052E03DEE300760124 /* SimpleArchive */ = {
			isa = PBXFileSystemSynchronizedRootGroup;
			exceptions = (
				FCDB6C152E03DEE400760124 /* Exceptions for "SimpleArchive" folder in "SimpleArchive" target */,
				FC72EB8A2E388C1100A08C3A /* Exceptions for "SimpleArchive" folder in "SimpleArchiveTests" target */,
			);
			path = SimpleArchive;
			sourceTree = "<group>";
		};
/* End PBXFileSystemSynchronizedRootGroup section */

/* Begin PBXFrameworksBuildPhase section */
		FC892E4F2E45DEB0001D7CA3 /* Frameworks */ = {
			isa = PBXFrameworksBuildPhase;
			buildActionMask = 2147483647;
			files = (
			);
			runOnlyForDeploymentPostprocessing = 0;
		};
		FCCF478E2E0681C300C95405 /* Frameworks */ = {
			isa = PBXFrameworksBuildPhase;
			buildActionMask = 2147483647;
			files = (
			);
			runOnlyForDeploymentPostprocessing = 0;
		};
		FCDB6C002E03DEE300760124 /* Frameworks */ = {
			isa = PBXFrameworksBuildPhase;
			buildActionMask = 2147483647;
			files = (
			);
			runOnlyForDeploymentPostprocessing = 0;
		};
/* End PBXFrameworksBuildPhase section */

/* Begin PBXGroup section */
		FCDB6BFA2E03DEE200760124 = {
			isa = PBXGroup;
			children = (
				FC20A46D2E487AA800DEE316 /* runSimpleArchiveTest.sh */,
				FC20A46C2E487A7100DEE316 /* getSimulatorMatchingCondition.rb */,
				FCCF478B2E06819A00C95405 /* UnitTestPlan.xctestplan */,
				FCDB6C052E03DEE300760124 /* SimpleArchive */,
				FCDB6DE42E051EC400760124 /* SimpleArchive.app */,
				FCCF47912E0681C300C95405 /* SimpleArchiveTests.xctest */,
				FCCF47922E0681C300C95405 /* SimpleArchiveTests */,
				FC892E522E45DEB0001D7CA3 /* SimpleArchiveUITests.xctest */,
				FC892E532E45DEB0001D7CA3 /* SimpleArchiveUITests */,
			);
			sourceTree = "<group>";
		};
/* End PBXGroup section */

/* Begin PBXNativeTarget section */
		FC892E512E45DEB0001D7CA3 /* SimpleArchiveUITests */ = {
			isa = PBXNativeTarget;
			buildConfigurationList = FC892E5A2E45DEB0001D7CA3 /* Build configuration list for PBXNativeTarget "SimpleArchiveUITests" */;
			buildPhases = (
				FC892E4E2E45DEB0001D7CA3 /* Sources */,
				FC892E4F2E45DEB0001D7CA3 /* Frameworks */,
				FC892E502E45DEB0001D7CA3 /* Resources */,
			);
			buildRules = (
			);
			dependencies = (
				FC892E592E45DEB0001D7CA3 /* PBXTargetDependency */,
			);
			fileSystemSynchronizedGroups = (
				FC892E532E45DEB0001D7CA3 /* SimpleArchiveUITests */,
			);
			name = SimpleArchiveUITests;
			packageProductDependencies = (
			);
			productName = SimpleArchiveUITests;
			productReference = FC892E522E45DEB0001D7CA3 /* SimpleArchiveUITests.xctest */;
			productType = "com.apple.product-type.bundle.ui-testing";
		};
		FCCF47902E0681C300C95405 /* SimpleArchiveTests */ = {
			isa = PBXNativeTarget;
			buildConfigurationList = FCCF47972E0681C400C95405 /* Build configuration list for PBXNativeTarget "SimpleArchiveTests" */;
			buildPhases = (
				FCCF478D2E0681C300C95405 /* Sources */,
				FCCF478E2E0681C300C95405 /* Frameworks */,
				FCCF478F2E0681C300C95405 /* Resources */,
			);
			buildRules = (
			);
			dependencies = (
				FCCF47962E0681C300C95405 /* PBXTargetDependency */,
			);
			fileSystemSynchronizedGroups = (
				FCCF47922E0681C300C95405 /* SimpleArchiveTests */,
			);
			name = SimpleArchiveTests;
			packageProductDependencies = (
			);
			productName = SimpleArchiveTests;
			productReference = FCCF47912E0681C300C95405 /* SimpleArchiveTests.xctest */;
			productType = "com.apple.product-type.bundle.unit-test";
		};
		FCDB6C022E03DEE300760124 /* SimpleArchive */ = {
			isa = PBXNativeTarget;
			buildConfigurationList = FCDB6C162E03DEE400760124 /* Build configuration list for PBXNativeTarget "SimpleArchive" */;
			buildPhases = (
				FCDB6BFF2E03DEE300760124 /* Sources */,
				FCDB6C002E03DEE300760124 /* Frameworks */,
				FCDB6C012E03DEE300760124 /* Resources */,
			);
			buildRules = (
			);
			dependencies = (
			);
			fileSystemSynchronizedGroups = (
				FCDB6C052E03DEE300760124 /* SimpleArchive */,
			);
			name = SimpleArchive;
			packageProductDependencies = (
			);
			productName = SimpleArchive;
			productReference = FCDB6DE42E051EC400760124 /* SimpleArchive.app */;
			productType = "com.apple.product-type.application";
		};
/* End PBXNativeTarget section */

/* Begin PBXProject section */
		FCDB6BFB2E03DEE200760124 /* Project object */ = {
			isa = PBXProject;
			attributes = {
				BuildIndependentTargetsInParallel = 1;
				LastSwiftUpdateCheck = 1630;
				LastUpgradeCheck = 1630;
				TargetAttributes = {
					FC892E512E45DEB0001D7CA3 = {
						CreatedOnToolsVersion = 16.3;
						TestTargetID = FCDB6C022E03DEE300760124;
					};
					FCCF47902E0681C300C95405 = {
						CreatedOnToolsVersion = 16.3;
						TestTargetID = FCDB6C022E03DEE300760124;
					};
					FCDB6C022E03DEE300760124 = {
						CreatedOnToolsVersion = 16.3;
					};
				};
			};
			buildConfigurationList = FCDB6BFE2E03DEE200760124 /* Build configuration list for PBXProject "SimpleArchive" */;
			developmentRegion = en;
			hasScannedForEncodings = 0;
			knownRegions = (
				en,
				Base,
			);
			mainGroup = FCDB6BFA2E03DEE200760124;
			minimizedProjectReferenceProxies = 1;
			preferredProjectObjectVersion = 77;
			productRefGroup = FCDB6BFA2E03DEE200760124;
			projectDirPath = "";
			projectRoot = "";
			targets = (
				FCDB6C022E03DEE300760124 /* SimpleArchive */,
				FCCF47902E0681C300C95405 /* SimpleArchiveTests */,
				FC892E512E45DEB0001D7CA3 /* SimpleArchiveUITests */,
			);
		};
/* End PBXProject section */

/* Begin PBXResourcesBuildPhase section */
		FC892E502E45DEB0001D7CA3 /* Resources */ = {
			isa = PBXResourcesBuildPhase;
			buildActionMask = 2147483647;
			files = (
			);
			runOnlyForDeploymentPostprocessing = 0;
		};
		FCCF478F2E0681C300C95405 /* Resources */ = {
			isa = PBXResourcesBuildPhase;
			buildActionMask = 2147483647;
			files = (
			);
			runOnlyForDeploymentPostprocessing = 0;
		};
		FCDB6C012E03DEE300760124 /* Resources */ = {
			isa = PBXResourcesBuildPhase;
			buildActionMask = 2147483647;
			files = (
				FCCF478C2E06819A00C95405 /* UnitTestPlan.xctestplan in Resources */,
			);
			runOnlyForDeploymentPostprocessing = 0;
		};
/* End PBXResourcesBuildPhase section */

/* Begin PBXSourcesBuildPhase section */
		FC892E4E2E45DEB0001D7CA3 /* Sources */ = {
			isa = PBXSourcesBuildPhase;
			buildActionMask = 2147483647;
			files = (
			);
			runOnlyForDeploymentPostprocessing = 0;
		};
		FCCF478D2E0681C300C95405 /* Sources */ = {
			isa = PBXSourcesBuildPhase;
			buildActionMask = 2147483647;
			files = (
			);
			runOnlyForDeploymentPostprocessing = 0;
		};
		FCDB6BFF2E03DEE300760124 /* Sources */ = {
			isa = PBXSourcesBuildPhase;
			buildActionMask = 2147483647;
			files = (
			);
			runOnlyForDeploymentPostprocessing = 0;
		};
/* End PBXSourcesBuildPhase section */

/* Begin PBXTargetDependency section */
		FC892E592E45DEB0001D7CA3 /* PBXTargetDependency */ = {
			isa = PBXTargetDependency;
			target = FCDB6C022E03DEE300760124 /* SimpleArchive */;
			targetProxy = FC892E582E45DEB0001D7CA3 /* PBXContainerItemProxy */;
		};
		FCCF47962E0681C300C95405 /* PBXTargetDependency */ = {
			isa = PBXTargetDependency;
			target = FCDB6C022E03DEE300760124 /* SimpleArchive */;
			targetProxy = FCCF47952E0681C300C95405 /* PBXContainerItemProxy */;
		};
/* End PBXTargetDependency section */

/* Begin XCBuildConfiguration section */
		FC892E5B2E45DEB0001D7CA3 /* Debug */ = {
			isa = XCBuildConfiguration;
			buildSettings = {
				CODE_SIGN_STYLE = Automatic;
				CURRENT_PROJECT_VERSION = 1;
				DEVELOPMENT_TEAM = 2GZ2322ZL4;
				GENERATE_INFOPLIST_FILE = YES;
				IPHONEOS_DEPLOYMENT_TARGET = 16.0;
				MACOSX_DEPLOYMENT_TARGET = 15.3;
				MARKETING_VERSION = 1.0;
				PRODUCT_BUNDLE_IDENTIFIER = org.uikitExample.SimpleArchiveUITests;
				PRODUCT_NAME = "$(TARGET_NAME)";
				SDKROOT = auto;
				SUPPORTED_PLATFORMS = "iphoneos iphonesimulator macosx xros xrsimulator";
				SWIFT_EMIT_LOC_STRINGS = NO;
				SWIFT_VERSION = 5.0;
				TARGETED_DEVICE_FAMILY = "1,2,7";
				TEST_TARGET_NAME = SimpleArchive;
				XROS_DEPLOYMENT_TARGET = 2.4;
			};
			name = Debug;
		};
		FC892E5C2E45DEB0001D7CA3 /* Release */ = {
			isa = XCBuildConfiguration;
			buildSettings = {
				CODE_SIGN_STYLE = Automatic;
				CURRENT_PROJECT_VERSION = 1;
				DEVELOPMENT_TEAM = 2GZ2322ZL4;
				GENERATE_INFOPLIST_FILE = YES;
				IPHONEOS_DEPLOYMENT_TARGET = 16.0;
				MACOSX_DEPLOYMENT_TARGET = 15.3;
				MARKETING_VERSION = 1.0;
				PRODUCT_BUNDLE_IDENTIFIER = org.uikitExample.SimpleArchiveUITests;
				PRODUCT_NAME = "$(TARGET_NAME)";
				SDKROOT = auto;
				SUPPORTED_PLATFORMS = "iphoneos iphonesimulator macosx xros xrsimulator";
				SWIFT_EMIT_LOC_STRINGS = NO;
				SWIFT_VERSION = 5.0;
				TARGETED_DEVICE_FAMILY = "1,2,7";
				TEST_TARGET_NAME = SimpleArchive;
				XROS_DEPLOYMENT_TARGET = 2.4;
			};
			name = Release;
		};
		FCCF47982E0681C400C95405 /* Debug */ = {
			isa = XCBuildConfiguration;
			buildSettings = {
				BUNDLE_LOADER = "$(TEST_HOST)";
				CODE_SIGN_STYLE = Automatic;
				CURRENT_PROJECT_VERSION = 1;
				DEVELOPMENT_TEAM = 2GZ2322ZL4;
				GENERATE_INFOPLIST_FILE = YES;
				IPHONEOS_DEPLOYMENT_TARGET = 16;
				MACOSX_DEPLOYMENT_TARGET = 15.3;
				MARKETING_VERSION = 1.0;
				PRODUCT_BUNDLE_IDENTIFIER = org.uikitExample.SimpleArchiveTests;
				PRODUCT_NAME = "$(TARGET_NAME)";
				SDKROOT = auto;
				SUPPORTED_PLATFORMS = "iphoneos iphonesimulator macosx xros xrsimulator";
				SWIFT_EMIT_LOC_STRINGS = NO;
				SWIFT_VERSION = 5.0;
				TARGETED_DEVICE_FAMILY = "1,2,7";
				TEST_HOST = "$(BUILT_PRODUCTS_DIR)/SimpleArchive.app/$(BUNDLE_EXECUTABLE_FOLDER_PATH)/SimpleArchive";
				XROS_DEPLOYMENT_TARGET = 2.4;
			};
			name = Debug;
		};
		FCCF47992E0681C400C95405 /* Release */ = {
			isa = XCBuildConfiguration;
			buildSettings = {
				BUNDLE_LOADER = "$(TEST_HOST)";
				CODE_SIGN_STYLE = Automatic;
				CURRENT_PROJECT_VERSION = 1;
				DEVELOPMENT_TEAM = 2GZ2322ZL4;
				GENERATE_INFOPLIST_FILE = YES;
				IPHONEOS_DEPLOYMENT_TARGET = 16;
				MACOSX_DEPLOYMENT_TARGET = 15.3;
				MARKETING_VERSION = 1.0;
				PRODUCT_BUNDLE_IDENTIFIER = org.uikitExample.SimpleArchiveTests;
				PRODUCT_NAME = "$(TARGET_NAME)";
				SDKROOT = auto;
				SUPPORTED_PLATFORMS = "iphoneos iphonesimulator macosx xros xrsimulator";
				SWIFT_ACTIVE_COMPILATION_CONDITIONS = RELEASE;
				SWIFT_EMIT_LOC_STRINGS = NO;
				SWIFT_VERSION = 5.0;
				TARGETED_DEVICE_FAMILY = "1,2,7";
				TEST_HOST = "$(BUILT_PRODUCTS_DIR)/SimpleArchive.app/$(BUNDLE_EXECUTABLE_FOLDER_PATH)/SimpleArchive";
				XROS_DEPLOYMENT_TARGET = 2.4;
			};
			name = Release;
		};
		FCDB6C172E03DEE400760124 /* Debug */ = {
			isa = XCBuildConfiguration;
			buildSettings = {
				ASSETCATALOG_COMPILER_APPICON_NAME = AppIcon;
				ASSETCATALOG_COMPILER_GLOBAL_ACCENT_COLOR_NAME = AccentColor;
				CODE_SIGN_STYLE = Automatic;
				CURRENT_PROJECT_VERSION = 1;
				DEVELOPMENT_TEAM = 2GZ2322ZL4;
				GENERATE_INFOPLIST_FILE = YES;
				INFOPLIST_FILE = SimpleArchive/Info.plist;
				INFOPLIST_KEY_CFBundleDisplayName = SimpleArchive;
				INFOPLIST_KEY_LSApplicationCategoryType = "public.app-category.utilities";
				INFOPLIST_KEY_UIApplicationSupportsIndirectInputEvents = YES;
				INFOPLIST_KEY_UILaunchStoryboardName = LaunchScreen;
				INFOPLIST_KEY_UIRequiresFullScreen = YES;
				INFOPLIST_KEY_UIStatusBarStyle = "";
				INFOPLIST_KEY_UISupportedInterfaceOrientations = UIInterfaceOrientationPortrait;
				IPHONEOS_DEPLOYMENT_TARGET = 16.0;
				LD_RUNPATH_SEARCH_PATHS = (
					"$(inherited)",
					"@executable_path/Frameworks",
				);
				MARKETING_VERSION = 1.0;
				PRODUCT_BUNDLE_IDENTIFIER = org.azurelight.SimpleArchive;
				PRODUCT_NAME = "$(TARGET_NAME)";
				SWIFT_EMIT_LOC_STRINGS = YES;
				SWIFT_VERSION = 5.0;
				TARGETED_DEVICE_FAMILY = "1,2";
			};
			name = Debug;
		};
		FCDB6C182E03DEE400760124 /* Release */ = {
			isa = XCBuildConfiguration;
			buildSettings = {
				ASSETCATALOG_COMPILER_APPICON_NAME = AppIcon;
				ASSETCATALOG_COMPILER_GLOBAL_ACCENT_COLOR_NAME = AccentColor;
				CODE_SIGN_STYLE = Automatic;
				CURRENT_PROJECT_VERSION = 1;
				DEVELOPMENT_TEAM = 2GZ2322ZL4;
				GENERATE_INFOPLIST_FILE = YES;
				INFOPLIST_FILE = SimpleArchive/Info.plist;
				INFOPLIST_KEY_CFBundleDisplayName = SimpleArchive;
				INFOPLIST_KEY_LSApplicationCategoryType = "public.app-category.utilities";
				INFOPLIST_KEY_UIApplicationSupportsIndirectInputEvents = YES;
				INFOPLIST_KEY_UILaunchStoryboardName = LaunchScreen;
				INFOPLIST_KEY_UIRequiresFullScreen = YES;
				INFOPLIST_KEY_UIStatusBarStyle = "";
				INFOPLIST_KEY_UISupportedInterfaceOrientations = UIInterfaceOrientationPortrait;
				IPHONEOS_DEPLOYMENT_TARGET = 16.0;
				LD_RUNPATH_SEARCH_PATHS = (
					"$(inherited)",
					"@executable_path/Frameworks",
				);
				MARKETING_VERSION = 1.0;
				PRODUCT_BUNDLE_IDENTIFIER = org.azurelight.SimpleArchive;
				PRODUCT_NAME = "$(TARGET_NAME)";
				SWIFT_EMIT_LOC_STRINGS = YES;
				SWIFT_VERSION = 5.0;
				TARGETED_DEVICE_FAMILY = "1,2";
			};
			name = Release;
		};
		FCDB6C192E03DEE400760124 /* Debug */ = {
			isa = XCBuildConfiguration;
			buildSettings = {
				ALWAYS_SEARCH_USER_PATHS = NO;
				ASSETCATALOG_COMPILER_GENERATE_SWIFT_ASSET_SYMBOL_EXTENSIONS = YES;
				CLANG_ANALYZER_NONNULL = YES;
				CLANG_ANALYZER_NUMBER_OBJECT_CONVERSION = YES_AGGRESSIVE;
				CLANG_CXX_LANGUAGE_STANDARD = "gnu++20";
				CLANG_ENABLE_MODULES = YES;
				CLANG_ENABLE_OBJC_ARC = YES;
				CLANG_ENABLE_OBJC_WEAK = YES;
				CLANG_WARN_BLOCK_CAPTURE_AUTORELEASING = YES;
				CLANG_WARN_BOOL_CONVERSION = YES;
				CLANG_WARN_COMMA = YES;
				CLANG_WARN_CONSTANT_CONVERSION = YES;
				CLANG_WARN_DEPRECATED_OBJC_IMPLEMENTATIONS = YES;
				CLANG_WARN_DIRECT_OBJC_ISA_USAGE = YES_ERROR;
				CLANG_WARN_DOCUMENTATION_COMMENTS = YES;
				CLANG_WARN_EMPTY_BODY = YES;
				CLANG_WARN_ENUM_CONVERSION = YES;
				CLANG_WARN_INFINITE_RECURSION = YES;
				CLANG_WARN_INT_CONVERSION = YES;
				CLANG_WARN_NON_LITERAL_NULL_CONVERSION = YES;
				CLANG_WARN_OBJC_IMPLICIT_RETAIN_SELF = YES;
				CLANG_WARN_OBJC_LITERAL_CONVERSION = YES;
				CLANG_WARN_OBJC_ROOT_CLASS = YES_ERROR;
				CLANG_WARN_QUOTED_INCLUDE_IN_FRAMEWORK_HEADER = YES;
				CLANG_WARN_RANGE_LOOP_ANALYSIS = YES;
				CLANG_WARN_STRICT_PROTOTYPES = YES;
				CLANG_WARN_SUSPICIOUS_MOVE = YES;
				CLANG_WARN_UNGUARDED_AVAILABILITY = YES_AGGRESSIVE;
				CLANG_WARN_UNREACHABLE_CODE = YES;
				CLANG_WARN__DUPLICATE_METHOD_MATCH = YES;
				COPY_PHASE_STRIP = NO;
				DEBUG_INFORMATION_FORMAT = dwarf;
				DEVELOPMENT_TEAM = 2GZ2322ZL4;
				ENABLE_STRICT_OBJC_MSGSEND = YES;
				ENABLE_TESTABILITY = YES;
				ENABLE_USER_SCRIPT_SANDBOXING = YES;
				GCC_C_LANGUAGE_STANDARD = gnu17;
				GCC_DYNAMIC_NO_PIC = NO;
				GCC_NO_COMMON_BLOCKS = YES;
				GCC_OPTIMIZATION_LEVEL = 0;
				GCC_PREPROCESSOR_DEFINITIONS = (
					"DEBUG=1",
					"$(inherited)",
				);
				GCC_WARN_64_TO_32_BIT_CONVERSION = YES;
				GCC_WARN_ABOUT_RETURN_TYPE = YES_ERROR;
				GCC_WARN_UNDECLARED_SELECTOR = YES;
				GCC_WARN_UNINITIALIZED_AUTOS = YES_AGGRESSIVE;
				GCC_WARN_UNUSED_FUNCTION = YES;
				GCC_WARN_UNUSED_VARIABLE = YES;
				IPHONEOS_DEPLOYMENT_TARGET = 18.4;
				LOCALIZATION_PREFERS_STRING_CATALOGS = YES;
				MTL_ENABLE_DEBUG_INFO = INCLUDE_SOURCE;
				MTL_FAST_MATH = YES;
				ONLY_ACTIVE_ARCH = YES;
				SDKROOT = iphoneos;
				SWIFT_ACTIVE_COMPILATION_CONDITIONS = "DEBUG $(inherited)";
				SWIFT_OPTIMIZATION_LEVEL = "-Onone";
			};
			name = Debug;
		};
		FCDB6C1A2E03DEE400760124 /* Release */ = {
			isa = XCBuildConfiguration;
			buildSettings = {
				ALWAYS_SEARCH_USER_PATHS = NO;
				ASSETCATALOG_COMPILER_GENERATE_SWIFT_ASSET_SYMBOL_EXTENSIONS = YES;
				CLANG_ANALYZER_NONNULL = YES;
				CLANG_ANALYZER_NUMBER_OBJECT_CONVERSION = YES_AGGRESSIVE;
				CLANG_CXX_LANGUAGE_STANDARD = "gnu++20";
				CLANG_ENABLE_MODULES = YES;
				CLANG_ENABLE_OBJC_ARC = YES;
				CLANG_ENABLE_OBJC_WEAK = YES;
				CLANG_WARN_BLOCK_CAPTURE_AUTORELEASING = YES;
				CLANG_WARN_BOOL_CONVERSION = YES;
				CLANG_WARN_COMMA = YES;
				CLANG_WARN_CONSTANT_CONVERSION = YES;
				CLANG_WARN_DEPRECATED_OBJC_IMPLEMENTATIONS = YES;
				CLANG_WARN_DIRECT_OBJC_ISA_USAGE = YES_ERROR;
				CLANG_WARN_DOCUMENTATION_COMMENTS = YES;
				CLANG_WARN_EMPTY_BODY = YES;
				CLANG_WARN_ENUM_CONVERSION = YES;
				CLANG_WARN_INFINITE_RECURSION = YES;
				CLANG_WARN_INT_CONVERSION = YES;
				CLANG_WARN_NON_LITERAL_NULL_CONVERSION = YES;
				CLANG_WARN_OBJC_IMPLICIT_RETAIN_SELF = YES;
				CLANG_WARN_OBJC_LITERAL_CONVERSION = YES;
				CLANG_WARN_OBJC_ROOT_CLASS = YES_ERROR;
				CLANG_WARN_QUOTED_INCLUDE_IN_FRAMEWORK_HEADER = YES;
				CLANG_WARN_RANGE_LOOP_ANALYSIS = YES;
				CLANG_WARN_STRICT_PROTOTYPES = YES;
				CLANG_WARN_SUSPICIOUS_MOVE = YES;
				CLANG_WARN_UNGUARDED_AVAILABILITY = YES_AGGRESSIVE;
				CLANG_WARN_UNREACHABLE_CODE = YES;
				CLANG_WARN__DUPLICATE_METHOD_MATCH = YES;
				COPY_PHASE_STRIP = NO;
				DEBUG_INFORMATION_FORMAT = "dwarf-with-dsym";
				DEVELOPMENT_TEAM = 2GZ2322ZL4;
				ENABLE_NS_ASSERTIONS = NO;
				ENABLE_STRICT_OBJC_MSGSEND = YES;
				ENABLE_USER_SCRIPT_SANDBOXING = YES;
				GCC_C_LANGUAGE_STANDARD = gnu17;
				GCC_NO_COMMON_BLOCKS = YES;
				GCC_WARN_64_TO_32_BIT_CONVERSION = YES;
				GCC_WARN_ABOUT_RETURN_TYPE = YES_ERROR;
				GCC_WARN_UNDECLARED_SELECTOR = YES;
				GCC_WARN_UNINITIALIZED_AUTOS = YES_AGGRESSIVE;
				GCC_WARN_UNUSED_FUNCTION = YES;
				GCC_WARN_UNUSED_VARIABLE = YES;
				IPHONEOS_DEPLOYMENT_TARGET = 18.4;
				LOCALIZATION_PREFERS_STRING_CATALOGS = YES;
				MTL_ENABLE_DEBUG_INFO = NO;
				MTL_FAST_MATH = YES;
				SDKROOT = iphoneos;
				SWIFT_COMPILATION_MODE = wholemodule;
				VALIDATE_PRODUCT = YES;
			};
			name = Release;
		};
/* End XCBuildConfiguration section */

/* Begin XCConfigurationList section */
		FC892E5A2E45DEB0001D7CA3 /* Build configuration list for PBXNativeTarget "SimpleArchiveUITests" */ = {
			isa = XCConfigurationList;
			buildConfigurations = (
				FC892E5B2E45DEB0001D7CA3 /* Debug */,
				FC892E5C2E45DEB0001D7CA3 /* Release */,
			);
			defaultConfigurationIsVisible = 0;
			defaultConfigurationName = Release;
		};
		FCCF47972E0681C400C95405 /* Build configuration list for PBXNativeTarget "SimpleArchiveTests" */ = {
			isa = XCConfigurationList;
			buildConfigurations = (
				FCCF47982E0681C400C95405 /* Debug */,
				FCCF47992E0681C400C95405 /* Release */,
			);
			defaultConfigurationIsVisible = 0;
			defaultConfigurationName = Release;
		};
		FCDB6BFE2E03DEE200760124 /* Build configuration list for PBXProject "SimpleArchive" */ = {
			isa = XCConfigurationList;
			buildConfigurations = (
				FCDB6C192E03DEE400760124 /* Debug */,
				FCDB6C1A2E03DEE400760124 /* Release */,
			);
			defaultConfigurationIsVisible = 0;
			defaultConfigurationName = Release;
		};
		FCDB6C162E03DEE400760124 /* Build configuration list for PBXNativeTarget "SimpleArchive" */ = {
			isa = XCConfigurationList;
			buildConfigurations = (
				FCDB6C172E03DEE400760124 /* Debug */,
				FCDB6C182E03DEE400760124 /* Release */,
			);
			defaultConfigurationIsVisible = 0;
			defaultConfigurationName = Release;
		};
/* End XCConfigurationList section */
	};
	rootObject = FCDB6BFB2E03DEE200760124 /* Project object */;
}
